{
  "nodes": {
    "banner": {
      "inputs": {
        "nixpkgs": [
          "gtk-nix",
          "nixpkgs"
        ]
      },
      "locked": {
        "lastModified": 1669224926,
        "narHash": "sha256-UK19yx8jNqbPfBZNUeJr2Sms7BhbDAUyJBF5w2CT6Hc=",
        "owner": "the-argus",
        "repo": "banner.nix",
        "rev": "253556f4068f5cb9728e49ac42d630cdc0ccfd58",
        "type": "github"
      },
      "original": {
        "owner": "the-argus",
        "repo": "banner.nix",
        "type": "github"
      }
    },
    "base16-schemes": {
      "flake": false,
      "locked": {
        "lastModified": 1696158499,
        "narHash": "sha256-5yIHgDTPjoX/3oDEfLSQ0eJZdFL1SaCfb9d6M0RmOTM=",
        "owner": "tinted-theming",
        "repo": "base16-schemes",
        "rev": "a9112eaae86d9dd8ee6bb9445b664fba2f94037a",
        "type": "github"
      },
      "original": {
        "owner": "tinted-theming",
        "repo": "base16-schemes",
        "type": "github"
      }
    },
    "flake-utils": {
      "inputs": {
        "systems": "systems"
      },
      "locked": {
        "lastModified": 1731533236,
        "narHash": "sha256-l0KFg5HjrsfsO/JpG+r7fRrqm12kzFHyUHqHCVpMMbI=",
        "owner": "numtide",
        "repo": "flake-utils",
        "rev": "11707dc2f618dd54ca8739b309ec4fc024de578b",
        "type": "github"
      },
      "original": {
        "owner": "numtide",
        "repo": "flake-utils",
        "type": "github"
      }
    },
    "flake-utils_2": {
      "inputs": {
        "systems": "systems_2"
      },
      "locked": {
        "lastModified": 1689068808,
        "narHash": "sha256-6ixXo3wt24N/melDWjq70UuHQLxGV8jZvooRanIHXw0=",
        "owner": "numtide",
        "repo": "flake-utils",
        "rev": "919d646de7be200f3bf08cb76ae1f09402b6f9b4",
        "type": "github"
      },
      "original": {
        "owner": "numtide",
        "repo": "flake-utils",
        "type": "github"
      }
    },
    "flake-utils_3": {
      "inputs": {
        "systems": "systems_3"
      },
      "locked": {
        "lastModified": 1731533236,
        "narHash": "sha256-l0KFg5HjrsfsO/JpG+r7fRrqm12kzFHyUHqHCVpMMbI=",
        "owner": "numtide",
        "repo": "flake-utils",
        "rev": "11707dc2f618dd54ca8739b309ec4fc024de578b",
        "type": "github"
      },
      "original": {
        "owner": "numtide",
        "repo": "flake-utils",
        "type": "github"
      }
    },
    "flake-utils_4": {
      "inputs": {
        "systems": "systems_4"
      },
      "locked": {
        "lastModified": 1731533236,
        "narHash": "sha256-l0KFg5HjrsfsO/JpG+r7fRrqm12kzFHyUHqHCVpMMbI=",
        "owner": "numtide",
        "repo": "flake-utils",
        "rev": "11707dc2f618dd54ca8739b309ec4fc024de578b",
        "type": "github"
      },
      "original": {
        "owner": "numtide",
        "repo": "flake-utils",
        "type": "github"
      }
    },
    "gtk-nix": {
      "inputs": {
        "banner": "banner",
        "flake-utils": "flake-utils_2",
        "nixpkgs": "nixpkgs"
      },
      "locked": {
        "lastModified": 1692384535,
        "narHash": "sha256-lFOEsDLV7kuEAcHS7HfyGewTcdSkzTxM+l3XwGhzLgU=",
        "owner": "the-argus",
        "repo": "gtk-nix",
        "rev": "e77b9e68aa818b87389c682b4fd018ad451a85d3",
        "type": "github"
      },
      "original": {
        "owner": "the-argus",
        "repo": "gtk-nix",
        "type": "github"
      }
    },
    "home-manager": {
      "inputs": {
        "nixpkgs": [
          "nixpkgs"
        ]
      },
      "locked": {
        "lastModified": 1763992789,
        "narHash": "sha256-WHkdBlw6oyxXIra/vQPYLtqY+3G8dUVZM8bEXk0t8x4=",
        "owner": "nix-community",
        "repo": "home-manager",
        "rev": "44831a7eaba4360fb81f2acc5ea6de5fde90aaa3",
        "type": "github"
      },
      "original": {
        "owner": "nix-community",
        "ref": "release-25.05",
        "repo": "home-manager",
        "type": "github"
      }
    },
    "linger": {
      "inputs": {
        "flake-utils": [
          "flake-utils"
        ]
      },
      "locked": {
        "lastModified": 1670283645,
        "narHash": "sha256-SuC/SuQ8RUaM6RthNAkNTSnlpRXJxEmuym2OyPLLpWk=",
        "owner": "mindsbackyard",
        "repo": "linger-flake",
        "rev": "9f8632c0621dc562dd42e9eacfdb6dae82aebf8b",
        "type": "github"
      },
      "original": {
        "owner": "mindsbackyard",
        "repo": "linger-flake",
        "type": "github"
      }
    },
    "nix-colors": {
      "inputs": {
        "base16-schemes": "base16-schemes",
        "nixpkgs-lib": "nixpkgs-lib"
      },
      "locked": {
        "lastModified": 1707825078,
        "narHash": "sha256-hTfge2J2W+42SZ7VHXkf4kjU+qzFqPeC9k66jAUBMHk=",
        "owner": "misterio77",
        "repo": "nix-colors",
        "rev": "b01f024090d2c4fc3152cd0cf12027a7b8453ba1",
        "type": "github"
      },
      "original": {
        "owner": "misterio77",
        "repo": "nix-colors",
        "type": "github"
      }
    },
    "nixCats": {
      "locked": {
        "lastModified": 1767159145,
        "narHash": "sha256-rnx/0p6D7rKd7mjtgsdSZjpkutJMzUaVyo2mj0rmjWQ=",
        "owner": "BirdeeHub",
        "repo": "nixCats-nvim",
        "rev": "479ab18fbeabaf87564d3fb0eaf99ebebb05f2f8",
        "type": "github"
      },
      "original": {
        "owner": "BirdeeHub",
        "repo": "nixCats-nvim",
        "type": "github"
      }
    },
    "nixpkgs": {
      "locked": {
        "lastModified": 1692264070,
        "narHash": "sha256-WepAkIL2UcHOj7JJiaFS/vxrA9lklQHv8p+xGL+7oQ0=",
        "owner": "NixOS",
        "repo": "nixpkgs",
        "rev": "42c25608aa2ad4e5d3716d8d63c606063513ba33",
        "type": "github"
      },
      "original": {
        "id": "nixpkgs",
        "ref": "nixos-unstable",
        "type": "indirect"
      }
    },
    "nixpkgs-lib": {
      "locked": {
        "lastModified": 1697935651,
        "narHash": "sha256-qOfWjQ2JQSQL15KLh6D7xQhx0qgZlYZTYlcEiRuAMMw=",
        "owner": "nix-community",
        "repo": "nixpkgs.lib",
        "rev": "e1e11fdbb01113d85c7f41cada9d2847660e3902",
        "type": "github"
      },
      "original": {
        "owner": "nix-community",
        "repo": "nixpkgs.lib",
        "type": "github"
      }
    },
    "nixpkgs-unstable": {
      "locked": {
        "lastModified": 1766902085,
        "narHash": "sha256-coBu0ONtFzlwwVBzmjacUQwj3G+lybcZ1oeNSQkgC0M=",
        "owner": "nixos",
        "repo": "nixpkgs",
        "rev": "c0b0e0fddf73fd517c3471e546c0df87a42d53f4",
        "type": "github"
      },
      "original": {
        "owner": "nixos",
        "ref": "nixos-unstable",
        "repo": "nixpkgs",
        "type": "github"
      }
    },
    "nixpkgs_2": {
      "locked": {
        "lastModified": 1767051569,
        "narHash": "sha256-0MnuWoN+n1UYaGBIpqpPs9I9ZHW4kynits4mrnh1Pk4=",
        "owner": "NixOS",
        "repo": "nixpkgs",
        "rev": "40ee5e1944bebdd128f9fbada44faefddfde29bd",
        "type": "github"
      },
      "original": {
        "owner": "NixOS",
        "ref": "nixos-25.05",
        "repo": "nixpkgs",
        "type": "github"
      }
    },
    "pihole": {
      "inputs": {
        "flake-utils": [
          "flake-utils"
        ],
        "linger": [
          "linger"
        ],
        "nixpkgs": [
          "nixpkgs"
        ]
      },
      "locked": {
        "lastModified": 1670284048,
        "narHash": "sha256-lNyJ7vrDAdsPVcNBXqDUXseBBL9Kf2q64/A8ntEKXWI=",
        "owner": "mindsbackyard",
        "repo": "pihole-flake",
        "rev": "9daaf65415ad6d3f5a8daa617d8737bc405f9dd8",
        "type": "github"
      },
      "original": {
        "owner": "mindsbackyard",
        "repo": "pihole-flake",
        "type": "github"
      }
    },
    "root": {
      "inputs": {
        "flake-utils": "flake-utils",
        "gtk-nix": "gtk-nix",
        "home-manager": "home-manager",
        "linger": "linger",
        "nix-colors": "nix-colors",
        "nixCats": "nixCats",
        "nixpkgs": "nixpkgs_2",
        "nixpkgs-unstable": "nixpkgs-unstable",
        "pihole": "pihole",
        "sana-doppel-moe": "sana-doppel-moe",
        "sana-website": "sana-website",
        "vintagestory-nix": "vintagestory-nix"
      }
    },
    "sana-doppel-moe": {
      "inputs": {
        "flake-utils": "flake-utils_3",
        "nixpkgs": [
          "nixpkgs"
        ]
      },
      "locked": {
        "lastModified": 1767198875,
        "narHash": "sha256-m5WV0baDlGVFdQj8u4tOdBJK3bPWDpbWqkjAkbCdDm8=",
        "owner": "eightheve",
        "repo": "sana-website",
        "rev": "4ea61a9f4c3f66442143bcf3a12f52e7e4a4cd6c",
        "type": "github"
      },
      "original": {
        "owner": "eightheve",
        "repo": "sana-website",
        "type": "github"
      }
    },
    "sana-website": {
      "inputs": {
        "flake-utils": "flake-utils_4",
        "nixpkgs": [
          "nixpkgs"
        ]
      },
      "locked": {
        "lastModified": 1766302644,
        "narHash": "sha256-CieHFBFoUd1uOs7Expnm7pUfHLiooAEbnQ/ZbC08MAg=",
        "owner": "eightheve",
        "repo": "sana.doppel.moe",
        "rev": "14098fe514682e5e8849da11cedb7bf86b42b752",
        "type": "github"
      },
      "original": {
        "owner": "eightheve",
        "repo": "sana.doppel.moe",
        "type": "github"
      }
    },
    "systems": {
      "locked": {
        "lastModified": 1681028828,
        "narHash": "sha256-Vy1rq5AaRuLzOxct8nz4T6wlgyUR7zLU309k9mBC768=",
        "owner": "nix-systems",
        "repo": "default",
        "rev": "da67096a3b9bf56a91d16901293e51ba5b49a27e",
        "type": "github"
      },
      "original": {
        "owner": "nix-systems",
        "repo": "default",
        "type": "github"
      }
    },
    "systems_2": {
      "locked": {
        "lastModified": 1681028828,
        "narHash": "sha256-Vy1rq5AaRuLzOxct8nz4T6wlgyUR7zLU309k9mBC768=",
        "owner": "nix-systems",
        "repo": "default",
        "rev": "da67096a3b9bf56a91d16901293e51ba5b49a27e",
        "type": "github"
      },
      "original": {
        "owner": "nix-systems",
        "repo": "default",
        "type": "github"
      }
    },
    "systems_3": {
      "locked": {
        "lastModified": 1681028828,
        "narHash": "sha256-Vy1rq5AaRuLzOxct8nz4T6wlgyUR7zLU309k9mBC768=",
        "owner": "nix-systems",
        "repo": "default",
        "rev": "da67096a3b9bf56a91d16901293e51ba5b49a27e",
        "type": "github"
      },
      "original": {
        "owner": "nix-systems",
        "repo": "default",
        "type": "github"
      }
    },
    "systems_4": {
      "locked": {
        "lastModified": 1681028828,
        "narHash": "sha256-Vy1rq5AaRuLzOxct8nz4T6wlgyUR7zLU309k9mBC768=",
        "owner": "nix-systems",
        "repo": "default",
        "rev": "da67096a3b9bf56a91d16901293e51ba5b49a27e",
        "type": "github"
      },
      "original": {
        "owner": "nix-systems",
        "repo": "default",
        "type": "github"
      }
    },
    "vintagestory-nix": {
      "inputs": {
        "nixpkgs": [
          "nixpkgs"
        ]
      },
      "locked": {
        "lastModified": 1766778138,
        "narHash": "sha256-IkSn3LipAcb2ytYclSxt2cZWQh1tl1PvoZ5zwVnQUEg=",
        "owner": "PierreBorine",
        "repo": "vintagestory-nix",
        "rev": "5960a7d9994fb38651132c9a66df4fe1810879a3",
        "type": "github"
      },
      "original": {
        "owner": "PierreBorine",
        "repo": "vintagestory-nix",
        "type": "github"
      }
    }
  },
  "root": "root",
  "version": 7
}
